
Microsoft Visual Studio Solution File, Format Version 12.00
Project("{FAE04EC0-301F-11D3-BF4B-00C04F79EFBC}") = "DoctorDovidnikVertoleticOrder", "DoctorDovidnikVertoleticOrder\DoctorDovidnikVertoleticOrder.csproj", "{297A26CD-A842-41FE-B8C9-7F7F087F7060}"
EndProject
Global
	GlobalSection(SolutionConfigurationPlatforms) = preSolution
		Debug|Any CPU = Debug|Any CPU
		Release|Any CPU = Release|Any CPU
	EndGlobalSection
	GlobalSection(ProjectConfigurationPlatforms) = postSolution
		{297A26CD-A842-41FE-B8C9-7F7F087F7060}.Debug|Any CPU.ActiveCfg = Debug|Any CPU
		{297A26CD-A842-41FE-B8C9-7F7F087F7060}.Debug|Any CPU.Build.0 = Debug|Any CPU
		{297A26CD-A842-41FE-B8C9-7F7F087F7060}.Release|Any CPU.ActiveCfg = Release|Any CPU
		{297A26CD-A842-41FE-B8C9-7F7F087F7060}.Release|Any CPU.Build.0 = Release|Any CPU
	EndGlobalSection
EndGlobal
